{
  "name": "@ded-wds/libs",
  "version": "0.0.1",
  "lockfileVersion": 3,
  "requires": true,
  "packages": {
    "": {
      "name": "@ded-wds/libs",
      "version": "0.0.1",
      "dependencies": {
        "@ded-wds/libs": "file:"
      }
    },
    "node_modules/@ded-wds/libs": {
      "resolved": "",
      "link": true
    }
  }
}
